{
  "object": {
    "pins": [
      {
        "package": "SwiftConfettiView",
        "repositoryURL": "https://github.com/theoriginalbit/SwiftConfettiView",
        "state": {
          "branch": null,
          "revision": "70801fc20faf34d136da4985c2b47f4eb4725bdf",
          "version": "0.2.0"
        }
      }
    ]
  },
  "version": 1
}
