{
  "object": {
    "pins": [
      {
        "package": "SwiftConfettiView",
        "repositoryURL": "https://github.com/theoriginalbit/SwiftConfettiView",
        "state": {
          "branch": null,
          "revision": "93e7a8895177f49d59c7b54a054700bd1c11cb2a",
          "version": "0.1.1"
        }
      }
    ]
  },
  "version": 1
}
