// !$*UTF8*$!
{
	archiveVersion = 1;
	classes = {
	};
	objectVersion = 50;
	objects = {

/* Begin PBXBuildFile section */
		E368B39925D715C5000FBB0E /* SettingsViewController.swift in Sources */ = {isa = PBXBuildFile; fileRef = E368B39825D715C5000FBB0E /* SettingsViewController.swift */; };
		E3B2BF3E25D675010026DBB9 /* AppDelegate.swift in Sources */ = {isa = PBXBuildFile; fileRef = E3B2BF3D25D675010026DBB9 /* AppDelegate.swift */; };
		E3B2BF4025D675010026DBB9 /* SceneDelegate.swift in Sources */ = {isa = PBXBuildFile; fileRef = E3B2BF3F25D675010026DBB9 /* SceneDelegate.swift */; };
		E3B2BF4525D675010026DBB9 /* Main.storyboard in Resources */ = {isa = PBXBuildFile; fileRef = E3B2BF4325D675010026DBB9 /* Main.storyboard */; };
		E3B2BF4725D675020026DBB9 /* Assets.xcassets in Resources */ = {isa = PBXBuildFile; fileRef = E3B2BF4625D675020026DBB9 /* Assets.xcassets */; };
		E3B2BF4A25D675020026DBB9 /* LaunchScreen.storyboard in Resources */ = {isa = PBXBuildFile; fileRef = E3B2BF4825D675020026DBB9 /* LaunchScreen.storyboard */; };
		E3B2BF5A25D67BA90026DBB9 /* DashboardViewController.swift in Sources */ = {isa = PBXBuildFile; fileRef = E3B2BF5925D67BA90026DBB9 /* DashboardViewController.swift */; };
		E3B2BF5D25D67E940026DBB9 /* Item.swift in Sources */ = {isa = PBXBuildFile; fileRef = E3B2BF5C25D67E940026DBB9 /* Item.swift */; };
		E3B2BF6025D67EB30026DBB9 /* ItemController.swift in Sources */ = {isa = PBXBuildFile; fileRef = E3B2BF5F25D67EB30026DBB9 /* ItemController.swift */; };
		E3B2BF6325D682C60026DBB9 /* AddItemViewController.swift in Sources */ = {isa = PBXBuildFile; fileRef = E3B2BF6225D682C60026DBB9 /* AddItemViewController.swift */; };
		E3B2BF6925D69A060026DBB9 /* ItemGroupCollectionViewCell.swift in Sources */ = {isa = PBXBuildFile; fileRef = E3B2BF6825D69A060026DBB9 /* ItemGroupCollectionViewCell.swift */; };
/* End PBXBuildFile section */

/* Begin PBXFileReference section */
		E368B39825D715C5000FBB0E /* SettingsViewController.swift */ = {isa = PBXFileReference; lastKnownFileType = sourcecode.swift; path = SettingsViewController.swift; sourceTree = "<group>"; };
		E3B2BF3A25D675010026DBB9 /* FlippingApp.app */ = {isa = PBXFileReference; explicitFileType = wrapper.application; includeInIndex = 0; path = FlippingApp.app; sourceTree = BUILT_PRODUCTS_DIR; };
		E3B2BF3D25D675010026DBB9 /* AppDelegate.swift */ = {isa = PBXFileReference; lastKnownFileType = sourcecode.swift; path = AppDelegate.swift; sourceTree = "<group>"; };
		E3B2BF3F25D675010026DBB9 /* SceneDelegate.swift */ = {isa = PBXFileReference; lastKnownFileType = sourcecode.swift; path = SceneDelegate.swift; sourceTree = "<group>"; };
		E3B2BF4425D675010026DBB9 /* Base */ = {isa = PBXFileReference; lastKnownFileType = file.storyboard; name = Base; path = Base.lproj/Main.storyboard; sourceTree = "<group>"; };
		E3B2BF4625D675020026DBB9 /* Assets.xcassets */ = {isa = PBXFileReference; lastKnownFileType = folder.assetcatalog; path = Assets.xcassets; sourceTree = "<group>"; };
		E3B2BF4925D675020026DBB9 /* Base */ = {isa = PBXFileReference; lastKnownFileType = file.storyboard; name = Base; path = Base.lproj/LaunchScreen.storyboard; sourceTree = "<group>"; };
		E3B2BF4B25D675020026DBB9 /* Info.plist */ = {isa = PBXFileReference; lastKnownFileType = text.plist.xml; path = Info.plist; sourceTree = "<group>"; };
		E3B2BF5925D67BA90026DBB9 /* DashboardViewController.swift */ = {isa = PBXFileReference; lastKnownFileType = sourcecode.swift; path = DashboardViewController.swift; sourceTree = "<group>"; };
		E3B2BF5C25D67E940026DBB9 /* Item.swift */ = {isa = PBXFileReference; lastKnownFileType = sourcecode.swift; path = Item.swift; sourceTree = "<group>"; };
		E3B2BF5F25D67EB30026DBB9 /* ItemController.swift */ = {isa = PBXFileReference; lastKnownFileType = sourcecode.swift; path = ItemController.swift; sourceTree = "<group>"; };
		E3B2BF6225D682C60026DBB9 /* AddItemViewController.swift */ = {isa = PBXFileReference; lastKnownFileType = sourcecode.swift; path = AddItemViewController.swift; sourceTree = "<group>"; };
		E3B2BF6825D69A060026DBB9 /* ItemGroupCollectionViewCell.swift */ = {isa = PBXFileReference; lastKnownFileType = sourcecode.swift; path = ItemGroupCollectionViewCell.swift; sourceTree = "<group>"; };
/* End PBXFileReference section */

/* Begin PBXFrameworksBuildPhase section */
		E3B2BF3725D675010026DBB9 /* Frameworks */ = {
			isa = PBXFrameworksBuildPhase;
			buildActionMask = 2147483647;
			files = (
			);
			runOnlyForDeploymentPostprocessing = 0;
		};
/* End PBXFrameworksBuildPhase section */

/* Begin PBXGroup section */
		E3B2BF3125D675010026DBB9 = {
			isa = PBXGroup;
			children = (
				E3B2BF3C25D675010026DBB9 /* FlippingApp */,
				E3B2BF3B25D675010026DBB9 /* Products */,
			);
			sourceTree = "<group>";
		};
		E3B2BF3B25D675010026DBB9 /* Products */ = {
			isa = PBXGroup;
			children = (
				E3B2BF3A25D675010026DBB9 /* FlippingApp.app */,
			);
			name = Products;
			sourceTree = "<group>";
		};
		E3B2BF3C25D675010026DBB9 /* FlippingApp */ = {
			isa = PBXGroup;
			children = (
				E3B2BF5225D67ADB0026DBB9 /* Resources */,
				E3B2BF5425D67B050026DBB9 /* Models */,
				E3B2BF5525D67B0A0026DBB9 /* Model Controllers */,
				E3B2BF6625D699DD0026DBB9 /* Views */,
				E3B2BF5325D67AFC0026DBB9 /* View Controllers */,
				E3B2BF5625D67B220026DBB9 /* Storyboards */,
				E3B2BF4625D675020026DBB9 /* Assets.xcassets */,
			);
			path = FlippingApp;
			sourceTree = "<group>";
		};
		E3B2BF5225D67ADB0026DBB9 /* Resources */ = {
			isa = PBXGroup;
			children = (
				E3B2BF3D25D675010026DBB9 /* AppDelegate.swift */,
				E3B2BF3F25D675010026DBB9 /* SceneDelegate.swift */,
				E3B2BF4B25D675020026DBB9 /* Info.plist */,
			);
			path = Resources;
			sourceTree = "<group>";
		};
		E3B2BF5325D67AFC0026DBB9 /* View Controllers */ = {
			isa = PBXGroup;
			children = (
				E3B2BF5925D67BA90026DBB9 /* DashboardViewController.swift */,
				E3B2BF6225D682C60026DBB9 /* AddItemViewController.swift */,
				E368B39825D715C5000FBB0E /* SettingsViewController.swift */,
			);
			path = "View Controllers";
			sourceTree = "<group>";
		};
		E3B2BF5425D67B050026DBB9 /* Models */ = {
			isa = PBXGroup;
			children = (
				E3B2BF5C25D67E940026DBB9 /* Item.swift */,
			);
			path = Models;
			sourceTree = "<group>";
		};
		E3B2BF5525D67B0A0026DBB9 /* Model Controllers */ = {
			isa = PBXGroup;
			children = (
				E3B2BF5F25D67EB30026DBB9 /* ItemController.swift */,
			);
			path = "Model Controllers";
			sourceTree = "<group>";
		};
		E3B2BF5625D67B220026DBB9 /* Storyboards */ = {
			isa = PBXGroup;
			children = (
				E3B2BF4825D675020026DBB9 /* LaunchScreen.storyboard */,
				E3B2BF4325D675010026DBB9 /* Main.storyboard */,
			);
			path = Storyboards;
			sourceTree = "<group>";
		};
		E3B2BF6625D699DD0026DBB9 /* Views */ = {
			isa = PBXGroup;
			children = (
				E3B2BF6825D69A060026DBB9 /* ItemGroupCollectionViewCell.swift */,
			);
			path = Views;
			sourceTree = "<group>";
		};
/* End PBXGroup section */

/* Begin PBXNativeTarget section */
		E3B2BF3925D675010026DBB9 /* FlippingApp */ = {
			isa = PBXNativeTarget;
			buildConfigurationList = E3B2BF4E25D675020026DBB9 /* Build configuration list for PBXNativeTarget "FlippingApp" */;
			buildPhases = (
				E3B2BF3625D675010026DBB9 /* Sources */,
				E3B2BF3725D675010026DBB9 /* Frameworks */,
				E3B2BF3825D675010026DBB9 /* Resources */,
			);
			buildRules = (
			);
			dependencies = (
			);
			name = FlippingApp;
			productName = FlippingApp;
			productReference = E3B2BF3A25D675010026DBB9 /* FlippingApp.app */;
			productType = "com.apple.product-type.application";
		};
/* End PBXNativeTarget section */

/* Begin PBXProject section */
		E3B2BF3225D675010026DBB9 /* Project object */ = {
			isa = PBXProject;
			attributes = {
				LastSwiftUpdateCheck = 1230;
				LastUpgradeCheck = 1230;
				TargetAttributes = {
					E3B2BF3925D675010026DBB9 = {
						CreatedOnToolsVersion = 12.3;
					};
				};
			};
			buildConfigurationList = E3B2BF3525D675010026DBB9 /* Build configuration list for PBXProject "FlippingApp" */;
			compatibilityVersion = "Xcode 9.3";
			developmentRegion = en;
			hasScannedForEncodings = 0;
			knownRegions = (
				en,
				Base,
			);
			mainGroup = E3B2BF3125D675010026DBB9;
			productRefGroup = E3B2BF3B25D675010026DBB9 /* Products */;
			projectDirPath = "";
			projectRoot = "";
			targets = (
				E3B2BF3925D675010026DBB9 /* FlippingApp */,
			);
		};
/* End PBXProject section */

/* Begin PBXResourcesBuildPhase section */
		E3B2BF3825D675010026DBB9 /* Resources */ = {
			isa = PBXResourcesBuildPhase;
			buildActionMask = 2147483647;
			files = (
				E3B2BF4A25D675020026DBB9 /* LaunchScreen.storyboard in Resources */,
				E3B2BF4725D675020026DBB9 /* Assets.xcassets in Resources */,
				E3B2BF4525D675010026DBB9 /* Main.storyboard in Resources */,
			);
			runOnlyForDeploymentPostprocessing = 0;
		};
/* End PBXResourcesBuildPhase section */

/* Begin PBXSourcesBuildPhase section */
		E3B2BF3625D675010026DBB9 /* Sources */ = {
			isa = PBXSourcesBuildPhase;
			buildActionMask = 2147483647;
			files = (
				E3B2BF5D25D67E940026DBB9 /* Item.swift in Sources */,
				E3B2BF3E25D675010026DBB9 /* AppDelegate.swift in Sources */,
				E3B2BF5A25D67BA90026DBB9 /* DashboardViewController.swift in Sources */,
				E3B2BF6025D67EB30026DBB9 /* ItemController.swift in Sources */,
				E3B2BF4025D675010026DBB9 /* SceneDelegate.swift in Sources */,
				E3B2BF6925D69A060026DBB9 /* ItemGroupCollectionViewCell.swift in Sources */,
				E3B2BF6325D682C60026DBB9 /* AddItemViewController.swift in Sources */,
				E368B39925D715C5000FBB0E /* SettingsViewController.swift in Sources */,
			);
			runOnlyForDeploymentPostprocessing = 0;
		};
/* End PBXSourcesBuildPhase section */

/* Begin PBXVariantGroup section */
		E3B2BF4325D675010026DBB9 /* Main.storyboard */ = {
			isa = PBXVariantGroup;
			children = (
				E3B2BF4425D675010026DBB9 /* Base */,
			);
			name = Main.storyboard;
			sourceTree = "<group>";
		};
		E3B2BF4825D675020026DBB9 /* LaunchScreen.storyboard */ = {
			isa = PBXVariantGroup;
			children = (
				E3B2BF4925D675020026DBB9 /* Base */,
			);
			name = LaunchScreen.storyboard;
			sourceTree = "<group>";
		};
/* End PBXVariantGroup section */

/* Begin XCBuildConfiguration section */
		E3B2BF4C25D675020026DBB9 /* Debug */ = {
			isa = XCBuildConfiguration;
			buildSettings = {
				ALWAYS_SEARCH_USER_PATHS = NO;
				CLANG_ANALYZER_NONNULL = YES;
				CLANG_ANALYZER_NUMBER_OBJECT_CONVERSION = YES_AGGRESSIVE;
				CLANG_CXX_LANGUAGE_STANDARD = "gnu++14";
				CLANG_CXX_LIBRARY = "libc++";
				CLANG_ENABLE_MODULES = YES;
				CLANG_ENABLE_OBJC_ARC = YES;
				CLANG_ENABLE_OBJC_WEAK = YES;
				CLANG_WARN_BLOCK_CAPTURE_AUTORELEASING = YES;
				CLANG_WARN_BOOL_CONVERSION = YES;
				CLANG_WARN_COMMA = YES;
				CLANG_WARN_CONSTANT_CONVERSION = YES;
				CLANG_WARN_DEPRECATED_OBJC_IMPLEMENTATIONS = YES;
				CLANG_WARN_DIRECT_OBJC_ISA_USAGE = YES_ERROR;
				CLANG_WARN_DOCUMENTATION_COMMENTS = YES;
				CLANG_WARN_EMPTY_BODY = YES;
				CLANG_WARN_ENUM_CONVERSION = YES;
				CLANG_WARN_INFINITE_RECURSION = YES;
				CLANG_WARN_INT_CONVERSION = YES;
				CLANG_WARN_NON_LITERAL_NULL_CONVERSION = YES;
				CLANG_WARN_OBJC_IMPLICIT_RETAIN_SELF = YES;
				CLANG_WARN_OBJC_LITERAL_CONVERSION = YES;
				CLANG_WARN_OBJC_ROOT_CLASS = YES_ERROR;
				CLANG_WARN_QUOTED_INCLUDE_IN_FRAMEWORK_HEADER = YES;
				CLANG_WARN_RANGE_LOOP_ANALYSIS = YES;
				CLANG_WARN_STRICT_PROTOTYPES = YES;
				CLANG_WARN_SUSPICIOUS_MOVE = YES;
				CLANG_WARN_UNGUARDED_AVAILABILITY = YES_AGGRESSIVE;
				CLANG_WARN_UNREACHABLE_CODE = YES;
				CLANG_WARN__DUPLICATE_METHOD_MATCH = YES;
				COPY_PHASE_STRIP = NO;
				DEBUG_INFORMATION_FORMAT = dwarf;
				ENABLE_STRICT_OBJC_MSGSEND = YES;
				ENABLE_TESTABILITY = YES;
				GCC_C_LANGUAGE_STANDARD = gnu11;
				GCC_DYNAMIC_NO_PIC = NO;
				GCC_NO_COMMON_BLOCKS = YES;
				GCC_OPTIMIZATION_LEVEL = 0;
				GCC_PREPROCESSOR_DEFINITIONS = (
					"DEBUG=1",
					"$(inherited)",
				);
				GCC_WARN_64_TO_32_BIT_CONVERSION = YES;
				GCC_WARN_ABOUT_RETURN_TYPE = YES_ERROR;
				GCC_WARN_UNDECLARED_SELECTOR = YES;
				GCC_WARN_UNINITIALIZED_AUTOS = YES_AGGRESSIVE;
				GCC_WARN_UNUSED_FUNCTION = YES;
				GCC_WARN_UNUSED_VARIABLE = YES;
				IPHONEOS_DEPLOYMENT_TARGET = 14.3;
				MTL_ENABLE_DEBUG_INFO = INCLUDE_SOURCE;
				MTL_FAST_MATH = YES;
				ONLY_ACTIVE_ARCH = YES;
				SDKROOT = iphoneos;
				SWIFT_ACTIVE_COMPILATION_CONDITIONS = DEBUG;
				SWIFT_OPTIMIZATION_LEVEL = "-Onone";
			};
			name = Debug;
		};
		E3B2BF4D25D675020026DBB9 /* Release */ = {
			isa = XCBuildConfiguration;
			buildSettings = {
				ALWAYS_SEARCH_USER_PATHS = NO;
				CLANG_ANALYZER_NONNULL = YES;
				CLANG_ANALYZER_NUMBER_OBJECT_CONVERSION = YES_AGGRESSIVE;
				CLANG_CXX_LANGUAGE_STANDARD = "gnu++14";
				CLANG_CXX_LIBRARY = "libc++";
				CLANG_ENABLE_MODULES = YES;
				CLANG_ENABLE_OBJC_ARC = YES;
				CLANG_ENABLE_OBJC_WEAK = YES;
				CLANG_WARN_BLOCK_CAPTURE_AUTORELEASING = YES;
				CLANG_WARN_BOOL_CONVERSION = YES;
				CLANG_WARN_COMMA = YES;
				CLANG_WARN_CONSTANT_CONVERSION = YES;
				CLANG_WARN_DEPRECATED_OBJC_IMPLEMENTATIONS = YES;
				CLANG_WARN_DIRECT_OBJC_ISA_USAGE = YES_ERROR;
				CLANG_WARN_DOCUMENTATION_COMMENTS = YES;
				CLANG_WARN_EMPTY_BODY = YES;
				CLANG_WARN_ENUM_CONVERSION = YES;
				CLANG_WARN_INFINITE_RECURSION = YES;
				CLANG_WARN_INT_CONVERSION = YES;
				CLANG_WARN_NON_LITERAL_NULL_CONVERSION = YES;
				CLANG_WARN_OBJC_IMPLICIT_RETAIN_SELF = YES;
				CLANG_WARN_OBJC_LITERAL_CONVERSION = YES;
				CLANG_WARN_OBJC_ROOT_CLASS = YES_ERROR;
				CLANG_WARN_QUOTED_INCLUDE_IN_FRAMEWORK_HEADER = YES;
				CLANG_WARN_RANGE_LOOP_ANALYSIS = YES;
				CLANG_WARN_STRICT_PROTOTYPES = YES;
				CLANG_WARN_SUSPICIOUS_MOVE = YES;
				CLANG_WARN_UNGUARDED_AVAILABILITY = YES_AGGRESSIVE;
				CLANG_WARN_UNREACHABLE_CODE = YES;
				CLANG_WARN__DUPLICATE_METHOD_MATCH = YES;
				COPY_PHASE_STRIP = NO;
				DEBUG_INFORMATION_FORMAT = "dwarf-with-dsym";
				ENABLE_NS_ASSERTIONS = NO;
				ENABLE_STRICT_OBJC_MSGSEND = YES;
				GCC_C_LANGUAGE_STANDARD = gnu11;
				GCC_NO_COMMON_BLOCKS = YES;
				GCC_WARN_64_TO_32_BIT_CONVERSION = YES;
				GCC_WARN_ABOUT_RETURN_TYPE = YES_ERROR;
				GCC_WARN_UNDECLARED_SELECTOR = YES;
				GCC_WARN_UNINITIALIZED_AUTOS = YES_AGGRESSIVE;
				GCC_WARN_UNUSED_FUNCTION = YES;
				GCC_WARN_UNUSED_VARIABLE = YES;
				IPHONEOS_DEPLOYMENT_TARGET = 14.3;
				MTL_ENABLE_DEBUG_INFO = NO;
				MTL_FAST_MATH = YES;
				SDKROOT = iphoneos;
				SWIFT_COMPILATION_MODE = wholemodule;
				SWIFT_OPTIMIZATION_LEVEL = "-O";
				VALIDATE_PRODUCT = YES;
			};
			name = Release;
		};
		E3B2BF4F25D675020026DBB9 /* Debug */ = {
			isa = XCBuildConfiguration;
			buildSettings = {
				ASSETCATALOG_COMPILER_APPICON_NAME = AppIcon;
				ASSETCATALOG_COMPILER_GLOBAL_ACCENT_COLOR_NAME = AccentColor;
				CODE_SIGN_STYLE = Automatic;
				DEVELOPMENT_TEAM = JA7B9846WV;
				INFOPLIST_FILE = FlippingApp/Resources/Info.plist;
				LD_RUNPATH_SEARCH_PATHS = (
					"$(inherited)",
					"@executable_path/Frameworks",
				);
				PRODUCT_BUNDLE_IDENTIFIER = com.bronsonmullens.FlippingApp;
				PRODUCT_NAME = "$(TARGET_NAME)";
				SWIFT_VERSION = 5.0;
				TARGETED_DEVICE_FAMILY = "1,2";
			};
			name = Debug;
		};
		E3B2BF5025D675020026DBB9 /* Release */ = {
			isa = XCBuildConfiguration;
			buildSettings = {
				ASSETCATALOG_COMPILER_APPICON_NAME = AppIcon;
				ASSETCATALOG_COMPILER_GLOBAL_ACCENT_COLOR_NAME = AccentColor;
				CODE_SIGN_STYLE = Automatic;
				DEVELOPMENT_TEAM = JA7B9846WV;
				INFOPLIST_FILE = FlippingApp/Resources/Info.plist;
				LD_RUNPATH_SEARCH_PATHS = (
					"$(inherited)",
					"@executable_path/Frameworks",
				);
				PRODUCT_BUNDLE_IDENTIFIER = com.bronsonmullens.FlippingApp;
				PRODUCT_NAME = "$(TARGET_NAME)";
				SWIFT_VERSION = 5.0;
				TARGETED_DEVICE_FAMILY = "1,2";
			};
			name = Release;
		};
/* End XCBuildConfiguration section */

/* Begin XCConfigurationList section */
		E3B2BF3525D675010026DBB9 /* Build configuration list for PBXProject "FlippingApp" */ = {
			isa = XCConfigurationList;
			buildConfigurations = (
				E3B2BF4C25D675020026DBB9 /* Debug */,
				E3B2BF4D25D675020026DBB9 /* Release */,
			);
			defaultConfigurationIsVisible = 0;
			defaultConfigurationName = Release;
		};
		E3B2BF4E25D675020026DBB9 /* Build configuration list for PBXNativeTarget "FlippingApp" */ = {
			isa = XCConfigurationList;
			buildConfigurations = (
				E3B2BF4F25D675020026DBB9 /* Debug */,
				E3B2BF5025D675020026DBB9 /* Release */,
			);
			defaultConfigurationIsVisible = 0;
			defaultConfigurationName = Release;
		};
/* End XCConfigurationList section */
	};
	rootObject = E3B2BF3225D675010026DBB9 /* Project object */;
}
